
Microsoft Visual Studio Solution File, Format Version 12.00
# Visual Studio Version 17
VisualStudioVersion = 17.9.34728.123
MinimumVisualStudioVersion = 10.0.40219.1
Project("{FAE04EC0-301F-11D3-BF4B-00C04F79EFBC}") = "Authorization", "Authorization.csproj", "{8A143915-613E-4FCE-BF64-D81A0D960668}"
EndProject
Project("{FAE04EC0-301F-11D3-BF4B-00C04F79EFBC}") = "AuthorizationTests", "..\AuthorizationTests\AuthorizationTests.csproj", "{9E73C692-499D-4A07-A189-CA1854E77FAC}"
EndProject
Global
	GlobalSection(SolutionConfigurationPlatforms) = preSolution
		Debug|Any CPU = Debug|Any CPU
		Release|Any CPU = Release|Any CPU
	EndGlobalSection
	GlobalSection(ProjectConfigurationPlatforms) = postSolution
		{8A143915-613E-4FCE-BF64-D81A0D960668}.Debug|Any CPU.ActiveCfg = Debug|Any CPU
		{8A143915-613E-4FCE-BF64-D81A0D960668}.Debug|Any CPU.Build.0 = Debug|Any CPU
		{8A143915-613E-4FCE-BF64-D81A0D960668}.Release|Any CPU.ActiveCfg = Release|Any CPU
		{8A143915-613E-4FCE-BF64-D81A0D960668}.Release|Any CPU.Build.0 = Release|Any CPU
		{9E73C692-499D-4A07-A189-CA1854E77FAC}.Debug|Any CPU.ActiveCfg = Debug|Any CPU
		{9E73C692-499D-4A07-A189-CA1854E77FAC}.Debug|Any CPU.Build.0 = Debug|Any CPU
		{9E73C692-499D-4A07-A189-CA1854E77FAC}.Release|Any CPU.ActiveCfg = Release|Any CPU
		{9E73C692-499D-4A07-A189-CA1854E77FAC}.Release|Any CPU.Build.0 = Release|Any CPU
	EndGlobalSection
	GlobalSection(SolutionProperties) = preSolution
		HideSolutionNode = FALSE
	EndGlobalSection
	GlobalSection(ExtensibilityGlobals) = postSolution
		SolutionGuid = {C03B1BC0-B096-4412-9198-323D56B6044B}
	EndGlobalSection
EndGlobal
